// !$*UTF8*$!
{
	archiveVersion = 1;
	classes = {
	};
	objectVersion = 56;
	objects = {

/* Begin PBXBuildFile section */
		1355E6232BC5DBB9006A2DEB /* AppDelegate.swift in Sources */ = {isa = PBXBuildFile; fileRef = 1355E6222BC5DBB9006A2DEB /* AppDelegate.swift */; };
		1355E6252BC5DBB9006A2DEB /* SceneDelegate.swift in Sources */ = {isa = PBXBuildFile; fileRef = 1355E6242BC5DBB9006A2DEB /* SceneDelegate.swift */; };
		1355E6272BC5DBB9006A2DEB /* FeedViewController.swift in Sources */ = {isa = PBXBuildFile; fileRef = 1355E6262BC5DBB9006A2DEB /* FeedViewController.swift */; };
		1355E62A2BC5DBB9006A2DEB /* Main.storyboard in Resources */ = {isa = PBXBuildFile; fileRef = 1355E6282BC5DBB9006A2DEB /* Main.storyboard */; };
		1355E62C2BC5DBBA006A2DEB /* Assets.xcassets in Resources */ = {isa = PBXBuildFile; fileRef = 1355E62B2BC5DBBA006A2DEB /* Assets.xcassets */; };
		1355E62F2BC5DBBA006A2DEB /* LaunchScreen.storyboard in Resources */ = {isa = PBXBuildFile; fileRef = 1355E62D2BC5DBBA006A2DEB /* LaunchScreen.storyboard */; };
		AD87C6122BD1BFFE0090DCCE /* User.swift in Sources */ = {isa = PBXBuildFile; fileRef = AD87C6112BD1BFFD0090DCCE /* User.swift */; };
		AD87C6142BD1C0140090DCCE /* Post.swift in Sources */ = {isa = PBXBuildFile; fileRef = AD87C6132BD1C0140090DCCE /* Post.swift */; };
		AD87C6172BD758CE0090DCCE /* ParseSwift in Frameworks */ = {isa = PBXBuildFile; productRef = AD87C6162BD758CE0090DCCE /* ParseSwift */; };
		AD87C61A2BD758E50090DCCE /* AlamofireImage in Frameworks */ = {isa = PBXBuildFile; productRef = AD87C6192BD758E50090DCCE /* AlamofireImage */; };
		AD87C61E2BD759560090DCCE /* LoginViewController.swift in Sources */ = {isa = PBXBuildFile; fileRef = AD87C61D2BD759560090DCCE /* LoginViewController.swift */; };
		AD87C6202BD759790090DCCE /* SignUpViewController.swift in Sources */ = {isa = PBXBuildFile; fileRef = AD87C61F2BD759790090DCCE /* SignUpViewController.swift */; };
		AD87C6232BD770190090DCCE /* PostCell.swift in Sources */ = {isa = PBXBuildFile; fileRef = AD87C6222BD770190090DCCE /* PostCell.swift */; };
		AD87C6252BD770640090DCCE /* PostFeedViewController.swift in Sources */ = {isa = PBXBuildFile; fileRef = AD87C6242BD770640090DCCE /* PostFeedViewController.swift */; };
		DC3BE2632BD7FA33007E8350 /* ProfileViewController.swift in Sources */ = {isa = PBXBuildFile; fileRef = DC3BE2622BD7FA33007E8350 /* ProfileViewController.swift */; };
		DC3BE2652BD809B8007E8350 /* EditProfileViewController.swift in Sources */ = {isa = PBXBuildFile; fileRef = DC3BE2642BD809B8007E8350 /* EditProfileViewController.swift */; };
/* End PBXBuildFile section */

/* Begin PBXFileReference section */
		1355E61F2BC5DBB9006A2DEB /* IFriends.app */ = {isa = PBXFileReference; explicitFileType = wrapper.application; includeInIndex = 0; path = IFriends.app; sourceTree = BUILT_PRODUCTS_DIR; };
		1355E6222BC5DBB9006A2DEB /* AppDelegate.swift */ = {isa = PBXFileReference; lastKnownFileType = sourcecode.swift; path = AppDelegate.swift; sourceTree = "<group>"; };
		1355E6242BC5DBB9006A2DEB /* SceneDelegate.swift */ = {isa = PBXFileReference; lastKnownFileType = sourcecode.swift; path = SceneDelegate.swift; sourceTree = "<group>"; };
		1355E6262BC5DBB9006A2DEB /* FeedViewController.swift */ = {isa = PBXFileReference; lastKnownFileType = sourcecode.swift; path = FeedViewController.swift; sourceTree = "<group>"; };
		1355E6292BC5DBB9006A2DEB /* Base */ = {isa = PBXFileReference; lastKnownFileType = file.storyboard; name = Base; path = Base.lproj/Main.storyboard; sourceTree = "<group>"; };
		1355E62B2BC5DBBA006A2DEB /* Assets.xcassets */ = {isa = PBXFileReference; lastKnownFileType = folder.assetcatalog; path = Assets.xcassets; sourceTree = "<group>"; };
		1355E62E2BC5DBBA006A2DEB /* Base */ = {isa = PBXFileReference; lastKnownFileType = file.storyboard; name = Base; path = Base.lproj/LaunchScreen.storyboard; sourceTree = "<group>"; };
		1355E6302BC5DBBA006A2DEB /* Info.plist */ = {isa = PBXFileReference; lastKnownFileType = text.plist.xml; path = Info.plist; sourceTree = "<group>"; };
		AD87C6112BD1BFFD0090DCCE /* User.swift */ = {isa = PBXFileReference; lastKnownFileType = sourcecode.swift; path = User.swift; sourceTree = "<group>"; };
		AD87C6132BD1C0140090DCCE /* Post.swift */ = {isa = PBXFileReference; lastKnownFileType = sourcecode.swift; path = Post.swift; sourceTree = "<group>"; };
		AD87C61D2BD759560090DCCE /* LoginViewController.swift */ = {isa = PBXFileReference; lastKnownFileType = sourcecode.swift; path = LoginViewController.swift; sourceTree = "<group>"; };
		AD87C61F2BD759790090DCCE /* SignUpViewController.swift */ = {isa = PBXFileReference; lastKnownFileType = sourcecode.swift; path = SignUpViewController.swift; sourceTree = "<group>"; };
		AD87C6222BD770190090DCCE /* PostCell.swift */ = {isa = PBXFileReference; lastKnownFileType = sourcecode.swift; path = PostCell.swift; sourceTree = "<group>"; };
		AD87C6242BD770640090DCCE /* PostFeedViewController.swift */ = {isa = PBXFileReference; lastKnownFileType = sourcecode.swift; path = PostFeedViewController.swift; sourceTree = "<group>"; };
		DC3BE2622BD7FA33007E8350 /* ProfileViewController.swift */ = {isa = PBXFileReference; lastKnownFileType = sourcecode.swift; path = ProfileViewController.swift; sourceTree = "<group>"; };
		DC3BE2642BD809B8007E8350 /* EditProfileViewController.swift */ = {isa = PBXFileReference; lastKnownFileType = sourcecode.swift; path = EditProfileViewController.swift; sourceTree = "<group>"; };
/* End PBXFileReference section */

/* Begin PBXFrameworksBuildPhase section */
		1355E61C2BC5DBB9006A2DEB /* Frameworks */ = {
			isa = PBXFrameworksBuildPhase;
			buildActionMask = 2147483647;
			files = (
				AD87C6172BD758CE0090DCCE /* ParseSwift in Frameworks */,
				AD87C61A2BD758E50090DCCE /* AlamofireImage in Frameworks */,
			);
			runOnlyForDeploymentPostprocessing = 0;
		};
/* End PBXFrameworksBuildPhase section */

/* Begin PBXGroup section */
		1355E6162BC5DBB8006A2DEB = {
			isa = PBXGroup;
			children = (
				1355E6212BC5DBB9006A2DEB /* IFriends */,
				1355E6202BC5DBB9006A2DEB /* Products */,
			);
			sourceTree = "<group>";
		};
		1355E6202BC5DBB9006A2DEB /* Products */ = {
			isa = PBXGroup;
			children = (
				1355E61F2BC5DBB9006A2DEB /* IFriends.app */,
			);
			name = Products;
			sourceTree = "<group>";
		};
		1355E6212BC5DBB9006A2DEB /* IFriends */ = {
			isa = PBXGroup;
			children = (
				1355E6222BC5DBB9006A2DEB /* AppDelegate.swift */,
				DC3BE2612BD7F714007E8350 /* Profile */,
				AD87C6102BD1BFE00090DCCE /* Models */,
				1355E6242BC5DBB9006A2DEB /* SceneDelegate.swift */,
				AD87C61C2BD759340090DCCE /* Login */,
				AD87C6212BD76FED0090DCCE /* Feed */,
				1355E6282BC5DBB9006A2DEB /* Main.storyboard */,
				1355E62B2BC5DBBA006A2DEB /* Assets.xcassets */,
				1355E62D2BC5DBBA006A2DEB /* LaunchScreen.storyboard */,
				1355E6302BC5DBBA006A2DEB /* Info.plist */,
			);
			path = IFriends;
			sourceTree = "<group>";
		};
		AD87C6102BD1BFE00090DCCE /* Models */ = {
			isa = PBXGroup;
			children = (
				AD87C6112BD1BFFD0090DCCE /* User.swift */,
				AD87C6132BD1C0140090DCCE /* Post.swift */,
			);
			path = Models;
			sourceTree = "<group>";
		};
		AD87C61C2BD759340090DCCE /* Login */ = {
			isa = PBXGroup;
			children = (
				AD87C61D2BD759560090DCCE /* LoginViewController.swift */,
				AD87C61F2BD759790090DCCE /* SignUpViewController.swift */,
			);
			path = Login;
			sourceTree = "<group>";
		};
		AD87C6212BD76FED0090DCCE /* Feed */ = {
			isa = PBXGroup;
			children = (
				1355E6262BC5DBB9006A2DEB /* FeedViewController.swift */,
				AD87C6222BD770190090DCCE /* PostCell.swift */,
				AD87C6242BD770640090DCCE /* PostFeedViewController.swift */,
			);
			path = Feed;
			sourceTree = "<group>";
		};
		DC3BE2612BD7F714007E8350 /* Profile */ = {
			isa = PBXGroup;
			children = (
				DC3BE2622BD7FA33007E8350 /* ProfileViewController.swift */,
				DC3BE2642BD809B8007E8350 /* EditProfileViewController.swift */,
			);
			path = Profile;
			sourceTree = "<group>";
		};
/* End PBXGroup section */

/* Begin PBXNativeTarget section */
		1355E61E2BC5DBB9006A2DEB /* IFriends */ = {
			isa = PBXNativeTarget;
			buildConfigurationList = 1355E6332BC5DBBA006A2DEB /* Build configuration list for PBXNativeTarget "IFriends" */;
			buildPhases = (
				1355E61B2BC5DBB9006A2DEB /* Sources */,
				1355E61C2BC5DBB9006A2DEB /* Frameworks */,
				1355E61D2BC5DBB9006A2DEB /* Resources */,
			);
			buildRules = (
			);
			dependencies = (
			);
			name = IFriends;
			packageProductDependencies = (
				AD87C6162BD758CE0090DCCE /* ParseSwift */,
				AD87C6192BD758E50090DCCE /* AlamofireImage */,
			);
			productName = IFriends;
			productReference = 1355E61F2BC5DBB9006A2DEB /* IFriends.app */;
			productType = "com.apple.product-type.application";
		};
/* End PBXNativeTarget section */

/* Begin PBXProject section */
		1355E6172BC5DBB8006A2DEB /* Project object */ = {
			isa = PBXProject;
			attributes = {
				BuildIndependentTargetsInParallel = 1;
				LastSwiftUpdateCheck = 1520;
				LastUpgradeCheck = 1520;
				TargetAttributes = {
					1355E61E2BC5DBB9006A2DEB = {
						CreatedOnToolsVersion = 15.2;
					};
				};
			};
			buildConfigurationList = 1355E61A2BC5DBB8006A2DEB /* Build configuration list for PBXProject "IFriends" */;
			compatibilityVersion = "Xcode 14.0";
			developmentRegion = en;
			hasScannedForEncodings = 0;
			knownRegions = (
				en,
				Base,
			);
			mainGroup = 1355E6162BC5DBB8006A2DEB;
			packageReferences = (
				AD87C6152BD758CE0090DCCE /* XCRemoteSwiftPackageReference "Parse-Swift" */,
				AD87C6182BD758E50090DCCE /* XCRemoteSwiftPackageReference "AlamofireImage" */,
				AD87C61B2BD758F80090DCCE /* XCRemoteSwiftPackageReference "Nuke" */,
			);
			productRefGroup = 1355E6202BC5DBB9006A2DEB /* Products */;
			projectDirPath = "";
			projectRoot = "";
			targets = (
				1355E61E2BC5DBB9006A2DEB /* IFriends */,
			);
		};
/* End PBXProject section */

/* Begin PBXResourcesBuildPhase section */
		1355E61D2BC5DBB9006A2DEB /* Resources */ = {
			isa = PBXResourcesBuildPhase;
			buildActionMask = 2147483647;
			files = (
				1355E62F2BC5DBBA006A2DEB /* LaunchScreen.storyboard in Resources */,
				1355E62C2BC5DBBA006A2DEB /* Assets.xcassets in Resources */,
				1355E62A2BC5DBB9006A2DEB /* Main.storyboard in Resources */,
			);
			runOnlyForDeploymentPostprocessing = 0;
		};
/* End PBXResourcesBuildPhase section */

/* Begin PBXSourcesBuildPhase section */
		1355E61B2BC5DBB9006A2DEB /* Sources */ = {
			isa = PBXSourcesBuildPhase;
			buildActionMask = 2147483647;
			files = (
				DC3BE2652BD809B8007E8350 /* EditProfileViewController.swift in Sources */,
				AD87C61E2BD759560090DCCE /* LoginViewController.swift in Sources */,
				AD87C6202BD759790090DCCE /* SignUpViewController.swift in Sources */,
				DC3BE2632BD7FA33007E8350 /* ProfileViewController.swift in Sources */,
				AD87C6122BD1BFFE0090DCCE /* User.swift in Sources */,
				1355E6272BC5DBB9006A2DEB /* FeedViewController.swift in Sources */,
				1355E6232BC5DBB9006A2DEB /* AppDelegate.swift in Sources */,
				AD87C6252BD770640090DCCE /* PostFeedViewController.swift in Sources */,
				1355E6252BC5DBB9006A2DEB /* SceneDelegate.swift in Sources */,
				AD87C6142BD1C0140090DCCE /* Post.swift in Sources */,
				AD87C6232BD770190090DCCE /* PostCell.swift in Sources */,
			);
			runOnlyForDeploymentPostprocessing = 0;
		};
/* End PBXSourcesBuildPhase section */

/* Begin PBXVariantGroup section */
		1355E6282BC5DBB9006A2DEB /* Main.storyboard */ = {
			isa = PBXVariantGroup;
			children = (
				1355E6292BC5DBB9006A2DEB /* Base */,
			);
			name = Main.storyboard;
			sourceTree = "<group>";
		};
		1355E62D2BC5DBBA006A2DEB /* LaunchScreen.storyboard */ = {
			isa = PBXVariantGroup;
			children = (
				1355E62E2BC5DBBA006A2DEB /* Base */,
			);
			name = LaunchScreen.storyboard;
			sourceTree = "<group>";
		};
/* End PBXVariantGroup section */

/* Begin XCBuildConfiguration section */
		1355E6312BC5DBBA006A2DEB /* Debug */ = {
			isa = XCBuildConfiguration;
			buildSettings = {
				ALWAYS_SEARCH_USER_PATHS = NO;
				ASSETCATALOG_COMPILER_GENERATE_SWIFT_ASSET_SYMBOL_EXTENSIONS = YES;
				CLANG_ANALYZER_NONNULL = YES;
				CLANG_ANALYZER_NUMBER_OBJECT_CONVERSION = YES_AGGRESSIVE;
				CLANG_CXX_LANGUAGE_STANDARD = "gnu++20";
				CLANG_ENABLE_MODULES = YES;
				CLANG_ENABLE_OBJC_ARC = YES;
				CLANG_ENABLE_OBJC_WEAK = YES;
				CLANG_WARN_BLOCK_CAPTURE_AUTORELEASING = YES;
				CLANG_WARN_BOOL_CONVERSION = YES;
				CLANG_WARN_COMMA = YES;
				CLANG_WARN_CONSTANT_CONVERSION = YES;
				CLANG_WARN_DEPRECATED_OBJC_IMPLEMENTATIONS = YES;
				CLANG_WARN_DIRECT_OBJC_ISA_USAGE = YES_ERROR;
				CLANG_WARN_DOCUMENTATION_COMMENTS = YES;
				CLANG_WARN_EMPTY_BODY = YES;
				CLANG_WARN_ENUM_CONVERSION = YES;
				CLANG_WARN_INFINITE_RECURSION = YES;
				CLANG_WARN_INT_CONVERSION = YES;
				CLANG_WARN_NON_LITERAL_NULL_CONVERSION = YES;
				CLANG_WARN_OBJC_IMPLICIT_RETAIN_SELF = YES;
				CLANG_WARN_OBJC_LITERAL_CONVERSION = YES;
				CLANG_WARN_OBJC_ROOT_CLASS = YES_ERROR;
				CLANG_WARN_QUOTED_INCLUDE_IN_FRAMEWORK_HEADER = YES;
				CLANG_WARN_RANGE_LOOP_ANALYSIS = YES;
				CLANG_WARN_STRICT_PROTOTYPES = YES;
				CLANG_WARN_SUSPICIOUS_MOVE = YES;
				CLANG_WARN_UNGUARDED_AVAILABILITY = YES_AGGRESSIVE;
				CLANG_WARN_UNREACHABLE_CODE = YES;
				CLANG_WARN__DUPLICATE_METHOD_MATCH = YES;
				COPY_PHASE_STRIP = NO;
				DEBUG_INFORMATION_FORMAT = dwarf;
				ENABLE_STRICT_OBJC_MSGSEND = YES;
				ENABLE_TESTABILITY = YES;
				ENABLE_USER_SCRIPT_SANDBOXING = YES;
				GCC_C_LANGUAGE_STANDARD = gnu17;
				GCC_DYNAMIC_NO_PIC = NO;
				GCC_NO_COMMON_BLOCKS = YES;
				GCC_OPTIMIZATION_LEVEL = 0;
				GCC_PREPROCESSOR_DEFINITIONS = (
					"DEBUG=1",
					"$(inherited)",
				);
				GCC_WARN_64_TO_32_BIT_CONVERSION = YES;
				GCC_WARN_ABOUT_RETURN_TYPE = YES_ERROR;
				GCC_WARN_UNDECLARED_SELECTOR = YES;
				GCC_WARN_UNINITIALIZED_AUTOS = YES_AGGRESSIVE;
				GCC_WARN_UNUSED_FUNCTION = YES;
				GCC_WARN_UNUSED_VARIABLE = YES;
				IPHONEOS_DEPLOYMENT_TARGET = 17.2;
				LOCALIZATION_PREFERS_STRING_CATALOGS = YES;
				MTL_ENABLE_DEBUG_INFO = INCLUDE_SOURCE;
				MTL_FAST_MATH = YES;
				ONLY_ACTIVE_ARCH = YES;
				SDKROOT = iphoneos;
				SWIFT_ACTIVE_COMPILATION_CONDITIONS = "DEBUG $(inherited)";
				SWIFT_OPTIMIZATION_LEVEL = "-Onone";
			};
			name = Debug;
		};
		1355E6322BC5DBBA006A2DEB /* Release */ = {
			isa = XCBuildConfiguration;
			buildSettings = {
				ALWAYS_SEARCH_USER_PATHS = NO;
				ASSETCATALOG_COMPILER_GENERATE_SWIFT_ASSET_SYMBOL_EXTENSIONS = YES;
				CLANG_ANALYZER_NONNULL = YES;
				CLANG_ANALYZER_NUMBER_OBJECT_CONVERSION = YES_AGGRESSIVE;
				CLANG_CXX_LANGUAGE_STANDARD = "gnu++20";
				CLANG_ENABLE_MODULES = YES;
				CLANG_ENABLE_OBJC_ARC = YES;
				CLANG_ENABLE_OBJC_WEAK = YES;
				CLANG_WARN_BLOCK_CAPTURE_AUTORELEASING = YES;
				CLANG_WARN_BOOL_CONVERSION = YES;
				CLANG_WARN_COMMA = YES;
				CLANG_WARN_CONSTANT_CONVERSION = YES;
				CLANG_WARN_DEPRECATED_OBJC_IMPLEMENTATIONS = YES;
				CLANG_WARN_DIRECT_OBJC_ISA_USAGE = YES_ERROR;
				CLANG_WARN_DOCUMENTATION_COMMENTS = YES;
				CLANG_WARN_EMPTY_BODY = YES;
				CLANG_WARN_ENUM_CONVERSION = YES;
				CLANG_WARN_INFINITE_RECURSION = YES;
				CLANG_WARN_INT_CONVERSION = YES;
				CLANG_WARN_NON_LITERAL_NULL_CONVERSION = YES;
				CLANG_WARN_OBJC_IMPLICIT_RETAIN_SELF = YES;
				CLANG_WARN_OBJC_LITERAL_CONVERSION = YES;
				CLANG_WARN_OBJC_ROOT_CLASS = YES_ERROR;
				CLANG_WARN_QUOTED_INCLUDE_IN_FRAMEWORK_HEADER = YES;
				CLANG_WARN_RANGE_LOOP_ANALYSIS = YES;
				CLANG_WARN_STRICT_PROTOTYPES = YES;
				CLANG_WARN_SUSPICIOUS_MOVE = YES;
				CLANG_WARN_UNGUARDED_AVAILABILITY = YES_AGGRESSIVE;
				CLANG_WARN_UNREACHABLE_CODE = YES;
				CLANG_WARN__DUPLICATE_METHOD_MATCH = YES;
				COPY_PHASE_STRIP = NO;
				DEBUG_INFORMATION_FORMAT = "dwarf-with-dsym";
				ENABLE_NS_ASSERTIONS = NO;
				ENABLE_STRICT_OBJC_MSGSEND = YES;
				ENABLE_USER_SCRIPT_SANDBOXING = YES;
				GCC_C_LANGUAGE_STANDARD = gnu17;
				GCC_NO_COMMON_BLOCKS = YES;
				GCC_WARN_64_TO_32_BIT_CONVERSION = YES;
				GCC_WARN_ABOUT_RETURN_TYPE = YES_ERROR;
				GCC_WARN_UNDECLARED_SELECTOR = YES;
				GCC_WARN_UNINITIALIZED_AUTOS = YES_AGGRESSIVE;
				GCC_WARN_UNUSED_FUNCTION = YES;
				GCC_WARN_UNUSED_VARIABLE = YES;
				IPHONEOS_DEPLOYMENT_TARGET = 17.2;
				LOCALIZATION_PREFERS_STRING_CATALOGS = YES;
				MTL_ENABLE_DEBUG_INFO = NO;
				MTL_FAST_MATH = YES;
				SDKROOT = iphoneos;
				SWIFT_COMPILATION_MODE = wholemodule;
				VALIDATE_PRODUCT = YES;
			};
			name = Release;
		};
		1355E6342BC5DBBA006A2DEB /* Debug */ = {
			isa = XCBuildConfiguration;
			buildSettings = {
				ASSETCATALOG_COMPILER_APPICON_NAME = AppIcon;
				ASSETCATALOG_COMPILER_GLOBAL_ACCENT_COLOR_NAME = AccentColor;
				CODE_SIGN_STYLE = Automatic;
				CURRENT_PROJECT_VERSION = 1;
				GENERATE_INFOPLIST_FILE = YES;
				INFOPLIST_FILE = IFriends/Info.plist;
				INFOPLIST_KEY_UIApplicationSupportsIndirectInputEvents = YES;
				INFOPLIST_KEY_UILaunchStoryboardName = LaunchScreen;
				INFOPLIST_KEY_UIMainStoryboardFile = Main;
				INFOPLIST_KEY_UISupportedInterfaceOrientations_iPad = "UIInterfaceOrientationPortrait UIInterfaceOrientationPortraitUpsideDown UIInterfaceOrientationLandscapeLeft UIInterfaceOrientationLandscapeRight";
				INFOPLIST_KEY_UISupportedInterfaceOrientations_iPhone = "UIInterfaceOrientationPortrait UIInterfaceOrientationLandscapeLeft UIInterfaceOrientationLandscapeRight";
				LD_RUNPATH_SEARCH_PATHS = (
					"$(inherited)",
					"@executable_path/Frameworks",
				);
				MARKETING_VERSION = 1.0;
				PRODUCT_BUNDLE_IDENTIFIER = com.amirince.IFriends;
				PRODUCT_NAME = "$(TARGET_NAME)";
				SWIFT_EMIT_LOC_STRINGS = YES;
				SWIFT_VERSION = 5.0;
				TARGETED_DEVICE_FAMILY = "1,2";
			};
			name = Debug;
		};
		1355E6352BC5DBBA006A2DEB /* Release */ = {
			isa = XCBuildConfiguration;
			buildSettings = {
				ASSETCATALOG_COMPILER_APPICON_NAME = AppIcon;
				ASSETCATALOG_COMPILER_GLOBAL_ACCENT_COLOR_NAME = AccentColor;
				CODE_SIGN_STYLE = Automatic;
				CURRENT_PROJECT_VERSION = 1;
				GENERATE_INFOPLIST_FILE = YES;
				INFOPLIST_FILE = IFriends/Info.plist;
				INFOPLIST_KEY_UIApplicationSupportsIndirectInputEvents = YES;
				INFOPLIST_KEY_UILaunchStoryboardName = LaunchScreen;
				INFOPLIST_KEY_UIMainStoryboardFile = Main;
				INFOPLIST_KEY_UISupportedInterfaceOrientations_iPad = "UIInterfaceOrientationPortrait UIInterfaceOrientationPortraitUpsideDown UIInterfaceOrientationLandscapeLeft UIInterfaceOrientationLandscapeRight";
				INFOPLIST_KEY_UISupportedInterfaceOrientations_iPhone = "UIInterfaceOrientationPortrait UIInterfaceOrientationLandscapeLeft UIInterfaceOrientationLandscapeRight";
				LD_RUNPATH_SEARCH_PATHS = (
					"$(inherited)",
					"@executable_path/Frameworks",
				);
				MARKETING_VERSION = 1.0;
				PRODUCT_BUNDLE_IDENTIFIER = com.amirince.IFriends;
				PRODUCT_NAME = "$(TARGET_NAME)";
				SWIFT_EMIT_LOC_STRINGS = YES;
				SWIFT_VERSION = 5.0;
				TARGETED_DEVICE_FAMILY = "1,2";
			};
			name = Release;
		};
/* End XCBuildConfiguration section */

/* Begin XCConfigurationList section */
		1355E61A2BC5DBB8006A2DEB /* Build configuration list for PBXProject "IFriends" */ = {
			isa = XCConfigurationList;
			buildConfigurations = (
				1355E6312BC5DBBA006A2DEB /* Debug */,
				1355E6322BC5DBBA006A2DEB /* Release */,
			);
			defaultConfigurationIsVisible = 0;
			defaultConfigurationName = Release;
		};
		1355E6332BC5DBBA006A2DEB /* Build configuration list for PBXNativeTarget "IFriends" */ = {
			isa = XCConfigurationList;
			buildConfigurations = (
				1355E6342BC5DBBA006A2DEB /* Debug */,
				1355E6352BC5DBBA006A2DEB /* Release */,
			);
			defaultConfigurationIsVisible = 0;
			defaultConfigurationName = Release;
		};
/* End XCConfigurationList section */

/* Begin XCRemoteSwiftPackageReference section */
		AD87C6152BD758CE0090DCCE /* XCRemoteSwiftPackageReference "Parse-Swift" */ = {
			isa = XCRemoteSwiftPackageReference;
			repositoryURL = "https://github.com/parse-community/Parse-Swift";
			requirement = {
				kind = upToNextMajorVersion;
				minimumVersion = 4.14.2;
			};
		};
		AD87C6182BD758E50090DCCE /* XCRemoteSwiftPackageReference "AlamofireImage" */ = {
			isa = XCRemoteSwiftPackageReference;
			repositoryURL = "https://github.com/Alamofire/AlamofireImage";
			requirement = {
				kind = upToNextMajorVersion;
				minimumVersion = 4.3.0;
			};
		};
		AD87C61B2BD758F80090DCCE /* XCRemoteSwiftPackageReference "Nuke" */ = {
			isa = XCRemoteSwiftPackageReference;
			repositoryURL = "https://github.com/kean/Nuke.git";
			requirement = {
				kind = upToNextMajorVersion;
				minimumVersion = 12.5.0;
			};
		};
/* End XCRemoteSwiftPackageReference section */

/* Begin XCSwiftPackageProductDependency section */
		AD87C6162BD758CE0090DCCE /* ParseSwift */ = {
			isa = XCSwiftPackageProductDependency;
			package = AD87C6152BD758CE0090DCCE /* XCRemoteSwiftPackageReference "Parse-Swift" */;
			productName = ParseSwift;
		};
		AD87C6192BD758E50090DCCE /* AlamofireImage */ = {
			isa = XCSwiftPackageProductDependency;
			package = AD87C6182BD758E50090DCCE /* XCRemoteSwiftPackageReference "AlamofireImage" */;
			productName = AlamofireImage;
		};
/* End XCSwiftPackageProductDependency section */
	};
	rootObject = 1355E6172BC5DBB8006A2DEB /* Project object */;
}
